
Microsoft Visual Studio Solution File, Format Version 12.00
# Visual Studio Version 17
VisualStudioVersion = 17.0.32112.339
MinimumVisualStudioVersion = 10.0.40219.1
Project("{FAE04EC0-301F-11D3-BF4B-00C04F79EFBC}") = "StudentInfoApplication", "StudentInfoApplication\StudentInfoApplication.csproj", "{BFDA8E83-F37D-42B5-869D-F5681B1E5E13}"
EndProject
Global
	GlobalSection(SolutionConfigurationPlatforms) = preSolution
		Debug|Any CPU = Debug|Any CPU
		Release|Any CPU = Release|Any CPU
	EndGlobalSection
	GlobalSection(ProjectConfigurationPlatforms) = postSolution
		{BFDA8E83-F37D-42B5-869D-F5681B1E5E13}.Debug|Any CPU.ActiveCfg = Debug|Any CPU
		{BFDA8E83-F37D-42B5-869D-F5681B1E5E13}.Debug|Any CPU.Build.0 = Debug|Any CPU
		{BFDA8E83-F37D-42B5-869D-F5681B1E5E13}.Release|Any CPU.ActiveCfg = Release|Any CPU
		{BFDA8E83-F37D-42B5-869D-F5681B1E5E13}.Release|Any CPU.Build.0 = Release|Any CPU
	EndGlobalSection
	GlobalSection(SolutionProperties) = preSolution
		HideSolutionNode = FALSE
	EndGlobalSection
	GlobalSection(ExtensibilityGlobals) = postSolution
		SolutionGuid = {3A3A60A2-B30F-4941-8C30-479322496F7B}
	EndGlobalSection
EndGlobal
