
Microsoft Visual Studio Solution File, Format Version 12.00
# Visual Studio Version 17
VisualStudioVersion = 17.5.33516.290
MinimumVisualStudioVersion = 10.0.40219.1
Project("{FAE04EC0-301F-11D3-BF4B-00C04F79EFBC}") = "GuessingGame", "GuessingGame\GuessingGame.csproj", "{5A9087D5-ECB7-4B7D-B8FD-510DD9B14DD9}"
EndProject
Global
	GlobalSection(SolutionConfigurationPlatforms) = preSolution
		Debug|Any CPU = Debug|Any CPU
		Release|Any CPU = Release|Any CPU
	EndGlobalSection
	GlobalSection(ProjectConfigurationPlatforms) = postSolution
		{5A9087D5-ECB7-4B7D-B8FD-510DD9B14DD9}.Debug|Any CPU.ActiveCfg = Debug|Any CPU
		{5A9087D5-ECB7-4B7D-B8FD-510DD9B14DD9}.Debug|Any CPU.Build.0 = Debug|Any CPU
		{5A9087D5-ECB7-4B7D-B8FD-510DD9B14DD9}.Release|Any CPU.ActiveCfg = Release|Any CPU
		{5A9087D5-ECB7-4B7D-B8FD-510DD9B14DD9}.Release|Any CPU.Build.0 = Release|Any CPU
	EndGlobalSection
	GlobalSection(SolutionProperties) = preSolution
		HideSolutionNode = FALSE
	EndGlobalSection
	GlobalSection(ExtensibilityGlobals) = postSolution
		SolutionGuid = {BA0E4DDD-C20E-475F-90D3-6E22236A5837}
	EndGlobalSection
EndGlobal
