
Microsoft Visual Studio Solution File, Format Version 12.00
Project("{FAE04EC0-301F-11D3-BF4B-00C04F79EFBC}") = "EmployeeApplication", "EmployeeApplication\EmployeeApplication.csproj", "{096540A1-8EB0-4AC9-9A0D-115F7AEF9F62}"
EndProject
Global
	GlobalSection(SolutionConfigurationPlatforms) = preSolution
		Debug|Any CPU = Debug|Any CPU
		Release|Any CPU = Release|Any CPU
	EndGlobalSection
	GlobalSection(ProjectConfigurationPlatforms) = postSolution
		{096540A1-8EB0-4AC9-9A0D-115F7AEF9F62}.Debug|Any CPU.ActiveCfg = Debug|Any CPU
		{096540A1-8EB0-4AC9-9A0D-115F7AEF9F62}.Debug|Any CPU.Build.0 = Debug|Any CPU
		{096540A1-8EB0-4AC9-9A0D-115F7AEF9F62}.Release|Any CPU.ActiveCfg = Release|Any CPU
		{096540A1-8EB0-4AC9-9A0D-115F7AEF9F62}.Release|Any CPU.Build.0 = Release|Any CPU
	EndGlobalSection
EndGlobal
